// !$*UTF8*$!
{
	archiveVersion = 1;
	classes = {
	};
	objectVersion = 46;
	objects = {

/* Begin PBXBuildFile section */
		851BC2911EE5036E0047B356 /* AppDelegate.swift in Sources */ = {isa = PBXBuildFile; fileRef = 851BC2901EE5036E0047B356 /* AppDelegate.swift */; };
		851BC2931EE5036E0047B356 /* ViewController.swift in Sources */ = {isa = PBXBuildFile; fileRef = 851BC2921EE5036E0047B356 /* ViewController.swift */; };
		851BC2961EE5036E0047B356 /* Main.storyboard in Resources */ = {isa = PBXBuildFile; fileRef = 851BC2941EE5036E0047B356 /* Main.storyboard */; };
		851BC2981EE5036E0047B356 /* Assets.xcassets in Resources */ = {isa = PBXBuildFile; fileRef = 851BC2971EE5036E0047B356 /* Assets.xcassets */; };
		851BC29B1EE5036E0047B356 /* LaunchScreen.storyboard in Resources */ = {isa = PBXBuildFile; fileRef = 851BC2991EE5036E0047B356 /* LaunchScreen.storyboard */; };
/* End PBXBuildFile section */

/* Begin PBXFileReference section */
		851BC28D1EE5036E0047B356 /* SwiftDaily.app */ = {isa = PBXFileReference; explicitFileType = wrapper.application; includeInIndex = 0; path = SwiftDaily.app; sourceTree = BUILT_PRODUCTS_DIR; };
		851BC2901EE5036E0047B356 /* AppDelegate.swift */ = {isa = PBXFileReference; lastKnownFileType = sourcecode.swift; path = AppDelegate.swift; sourceTree = "<group>"; };
		851BC2921EE5036E0047B356 /* ViewController.swift */ = {isa = PBXFileReference; lastKnownFileType = sourcecode.swift; path = ViewController.swift; sourceTree = "<group>"; };
		851BC2951EE5036E0047B356 /* Base */ = {isa = PBXFileReference; lastKnownFileType = file.storyboard; name = Base; path = Base.lproj/Main.storyboard; sourceTree = "<group>"; };
		851BC2971EE5036E0047B356 /* Assets.xcassets */ = {isa = PBXFileReference; lastKnownFileType = folder.assetcatalog; path = Assets.xcassets; sourceTree = "<group>"; };
		851BC29A1EE5036E0047B356 /* Base */ = {isa = PBXFileReference; lastKnownFileType = file.storyboard; name = Base; path = Base.lproj/LaunchScreen.storyboard; sourceTree = "<group>"; };
		851BC29C1EE5036E0047B356 /* Info.plist */ = {isa = PBXFileReference; lastKnownFileType = text.plist.xml; path = Info.plist; sourceTree = "<group>"; };
/* End PBXFileReference section */

/* Begin PBXFrameworksBuildPhase section */
		851BC28A1EE5036E0047B356 /* Frameworks */ = {
			isa = PBXFrameworksBuildPhase;
			buildActionMask = 2147483647;
			files = (
			);
			runOnlyForDeploymentPostprocessing = 0;
		};
/* End PBXFrameworksBuildPhase section */

/* Begin PBXGroup section */
		851BC2841EE5036E0047B356 = {
			isa = PBXGroup;
			children = (
				851BC28F1EE5036E0047B356 /* SwiftDaily */,
				851BC28E1EE5036E0047B356 /* Products */,
			);
			sourceTree = "<group>";
		};
		851BC28E1EE5036E0047B356 /* Products */ = {
			isa = PBXGroup;
			children = (
				851BC28D1EE5036E0047B356 /* SwiftDaily.app */,
			);
			name = Products;
			sourceTree = "<group>";
		};
		851BC28F1EE5036E0047B356 /* SwiftDaily */ = {
			isa = PBXGroup;
			children = (
				851BC2901EE5036E0047B356 /* AppDelegate.swift */,
				851BC2921EE5036E0047B356 /* ViewController.swift */,
				851BC2941EE5036E0047B356 /* Main.storyboard */,
				851BC2971EE5036E0047B356 /* Assets.xcassets */,
				851BC2991EE5036E0047B356 /* LaunchScreen.storyboard */,
				851BC29C1EE5036E0047B356 /* Info.plist */,
			);
			path = SwiftDaily;
			sourceTree = "<group>";
		};
/* End PBXGroup section */

/* Begin PBXNativeTarget section */
		851BC28C1EE5036E0047B356 /* SwiftDaily */ = {
			isa = PBXNativeTarget;
			buildConfigurationList = 851BC29F1EE5036E0047B356 /* Build configuration list for PBXNativeTarget "SwiftDaily" */;
			buildPhases = (
				851BC2891EE5036E0047B356 /* Sources */,
				851BC28A1EE5036E0047B356 /* Frameworks */,
				851BC28B1EE5036E0047B356 /* Resources */,
			);
			buildRules = (
			);
			dependencies = (
			);
			name = SwiftDaily;
			productName = SwiftDaily;
			productReference = 851BC28D1EE5036E0047B356 /* SwiftDaily.app */;
			productType = "com.apple.product-type.application";
		};
/* End PBXNativeTarget section */

/* Begin PBXProject section */
		851BC2851EE5036E0047B356 /* Project object */ = {
			isa = PBXProject;
			attributes = {
				LastSwiftUpdateCheck = 0820;
				LastUpgradeCheck = 0820;
				ORGANIZATIONNAME = gosu;
				TargetAttributes = {
					851BC28C1EE5036E0047B356 = {
						CreatedOnToolsVersion = 8.2.1;
						ProvisioningStyle = Automatic;
					};
				};
			};
			buildConfigurationList = 851BC2881EE5036E0047B356 /* Build configuration list for PBXProject "SwiftDaily" */;
			compatibilityVersion = "Xcode 3.2";
			developmentRegion = English;
			hasScannedForEncodings = 0;
			knownRegions = (
				en,
				Base,
			);
			mainGroup = 851BC2841EE5036E0047B356;
			productRefGroup = 851BC28E1EE5036E0047B356 /* Products */;
			projectDirPath = "";
			projectRoot = "";
			targets = (
				851BC28C1EE5036E0047B356 /* SwiftDaily */,
			);
		};
/* End PBXProject section */

/* Begin PBXResourcesBuildPhase section */
		851BC28B1EE5036E0047B356 /* Resources */ = {
			isa = PBXResourcesBuildPhase;
			buildActionMask = 2147483647;
			files = (
				851BC29B1EE5036E0047B356 /* LaunchScreen.storyboard in Resources */,
				851BC2981EE5036E0047B356 /* Assets.xcassets in Resources */,
				851BC2961EE5036E0047B356 /* Main.storyboard in Resources */,
			);
			runOnlyForDeploymentPostprocessing = 0;
		};
/* End PBXResourcesBuildPhase section */

/* Begin PBXSourcesBuildPhase section */
		851BC2891EE5036E0047B356 /* Sources */ = {
			isa = PBXSourcesBuildPhase;
			buildActionMask = 2147483647;
			files = (
				851BC2931EE5036E0047B356 /* ViewController.swift in Sources */,
				851BC2911EE5036E0047B356 /* AppDelegate.swift in Sources */,
			);
			runOnlyForDeploymentPostprocessing = 0;
		};
/* End PBXSourcesBuildPhase section */

/* Begin PBXVariantGroup section */
		851BC2941EE5036E0047B356 /* Main.storyboard */ = {
			isa = PBXVariantGroup;
			children = (
				851BC2951EE5036E0047B356 /* Base */,
			);
			name = Main.storyboard;
			sourceTree = "<group>";
		};
		851BC2991EE5036E0047B356 /* LaunchScreen.storyboard */ = {
			isa = PBXVariantGroup;
			children = (
				851BC29A1EE5036E0047B356 /* Base */,
			);
			name = LaunchScreen.storyboard;
			sourceTree = "<group>";
		};
/* End PBXVariantGroup section */

/* Begin XCBuildConfiguration section */
		851BC29D1EE5036E0047B356 /* Debug */ = {
			isa = XCBuildConfiguration;
			buildSettings = {
				ALWAYS_SEARCH_USER_PATHS = NO;
				CLANG_ANALYZER_NONNULL = YES;
				CLANG_CXX_LANGUAGE_STANDARD = "gnu++0x";
				CLANG_CXX_LIBRARY = "libc++";
				CLANG_ENABLE_MODULES = YES;
				CLANG_ENABLE_OBJC_ARC = YES;
				CLANG_WARN_BOOL_CONVERSION = YES;
				CLANG_WARN_CONSTANT_CONVERSION = YES;
				CLANG_WARN_DIRECT_OBJC_ISA_USAGE = YES_ERROR;
				CLANG_WARN_DOCUMENTATION_COMMENTS = YES;
				CLANG_WARN_EMPTY_BODY = YES;
				CLANG_WARN_ENUM_CONVERSION = YES;
				CLANG_WARN_INFINITE_RECURSION = YES;
				CLANG_WARN_INT_CONVERSION = YES;
				CLANG_WARN_OBJC_ROOT_CLASS = YES_ERROR;
				CLANG_WARN_SUSPICIOUS_MOVE = YES;
				CLANG_WARN_UNREACHABLE_CODE = YES;
				CLANG_WARN__DUPLICATE_METHOD_MATCH = YES;
				"CODE_SIGN_IDENTITY[sdk=iphoneos*]" = "iPhone Developer";
				COPY_PHASE_STRIP = NO;
				DEBUG_INFORMATION_FORMAT = dwarf;
				ENABLE_STRICT_OBJC_MSGSEND = YES;
				ENABLE_TESTABILITY = YES;
				GCC_C_LANGUAGE_STANDARD = gnu99;
				GCC_DYNAMIC_NO_PIC = NO;
				GCC_NO_COMMON_BLOCKS = YES;
				GCC_OPTIMIZATION_LEVEL = 0;
				GCC_PREPROCESSOR_DEFINITIONS = (
					"DEBUG=1",
					"$(inherited)",
				);
				GCC_WARN_64_TO_32_BIT_CONVERSION = YES;
				GCC_WARN_ABOUT_RETURN_TYPE = YES_ERROR;
				GCC_WARN_UNDECLARED_SELECTOR = YES;
				GCC_WARN_UNINITIALIZED_AUTOS = YES_AGGRESSIVE;
				GCC_WARN_UNUSED_FUNCTION = YES;
				GCC_WARN_UNUSED_VARIABLE = YES;
				IPHONEOS_DEPLOYMENT_TARGET = 10.2;
				MTL_ENABLE_DEBUG_INFO = YES;
				ONLY_ACTIVE_ARCH = YES;
				SDKROOT = iphoneos;
				SWIFT_ACTIVE_COMPILATION_CONDITIONS = DEBUG;
				SWIFT_OPTIMIZATION_LEVEL = "-Onone";
			};
			name = Debug;
		};
		851BC29E1EE5036E0047B356 /* Release */ = {
			isa = XCBuildConfiguration;
			buildSettings = {
				ALWAYS_SEARCH_USER_PATHS = NO;
				CLANG_ANALYZER_NONNULL = YES;
				CLANG_CXX_LANGUAGE_STANDARD = "gnu++0x";
				CLANG_CXX_LIBRARY = "libc++";
				CLANG_ENABLE_MODULES = YES;
				CLANG_ENABLE_OBJC_ARC = YES;
				CLANG_WARN_BOOL_CONVERSION = YES;
				CLANG_WARN_CONSTANT_CONVERSION = YES;
				CLANG_WARN_DIRECT_OBJC_ISA_USAGE = YES_ERROR;
				CLANG_WARN_DOCUMENTATION_COMMENTS = YES;
				CLANG_WARN_EMPTY_BODY = YES;
				CLANG_WARN_ENUM_CONVERSION = YES;
				CLANG_WARN_INFINITE_RECURSION = YES;
				CLANG_WARN_INT_CONVERSION = YES;
				CLANG_WARN_OBJC_ROOT_CLASS = YES_ERROR;
				CLANG_WARN_SUSPICIOUS_MOVE = YES;
				CLANG_WARN_UNREACHABLE_CODE = YES;
				CLANG_WARN__DUPLICATE_METHOD_MATCH = YES;
				"CODE_SIGN_IDENTITY[sdk=iphoneos*]" = "iPhone Developer";
				COPY_PHASE_STRIP = NO;
				DEBUG_INFORMATION_FORMAT = "dwarf-with-dsym";
				ENABLE_NS_ASSERTIONS = NO;
				ENABLE_STRICT_OBJC_MSGSEND = YES;
				GCC_C_LANGUAGE_STANDARD = gnu99;
				GCC_NO_COMMON_BLOCKS = YES;
				GCC_WARN_64_TO_32_BIT_CONVERSION = YES;
				GCC_WARN_ABOUT_RETURN_TYPE = YES_ERROR;
				GCC_WARN_UNDECLARED_SELECTOR = YES;
				GCC_WARN_UNINITIALIZED_AUTOS = YES_AGGRESSIVE;
				GCC_WARN_UNUSED_FUNCTION = YES;
				GCC_WARN_UNUSED_VARIABLE = YES;
				IPHONEOS_DEPLOYMENT_TARGET = 10.2;
				MTL_ENABLE_DEBUG_INFO = NO;
				SDKROOT = iphoneos;
				SWIFT_OPTIMIZATION_LEVEL = "-Owholemodule";
				VALIDATE_PRODUCT = YES;
			};
			name = Release;
		};
		851BC2A01EE5036E0047B356 /* Debug */ = {
			isa = XCBuildConfiguration;
			buildSettings = {
				ASSETCATALOG_COMPILER_APPICON_NAME = AppIcon;
				INFOPLIST_FILE = SwiftDaily/Info.plist;
				LD_RUNPATH_SEARCH_PATHS = "$(inherited) @executable_path/Frameworks";
				PRODUCT_BUNDLE_IDENTIFIER = gaoming.SwiftDaily;
				PRODUCT_NAME = "$(TARGET_NAME)";
				SWIFT_VERSION = 3.0;
			};
			name = Debug;
		};
		851BC2A11EE5036E0047B356 /* Release */ = {
			isa = XCBuildConfiguration;
			buildSettings = {
				ASSETCATALOG_COMPILER_APPICON_NAME = AppIcon;
				INFOPLIST_FILE = SwiftDaily/Info.plist;
				LD_RUNPATH_SEARCH_PATHS = "$(inherited) @executable_path/Frameworks";
				PRODUCT_BUNDLE_IDENTIFIER = gaoming.SwiftDaily;
				PRODUCT_NAME = "$(TARGET_NAME)";
				SWIFT_VERSION = 3.0;
			};
			name = Release;
		};
/* End XCBuildConfiguration section */

/* Begin XCConfigurationList section */
		851BC2881EE5036E0047B356 /* Build configuration list for PBXProject "SwiftDaily" */ = {
			isa = XCConfigurationList;
			buildConfigurations = (
				851BC29D1EE5036E0047B356 /* Debug */,
				851BC29E1EE5036E0047B356 /* Release */,
			);
			defaultConfigurationIsVisible = 0;
			defaultConfigurationName = Release;
		};
		851BC29F1EE5036E0047B356 /* Build configuration list for PBXNativeTarget "SwiftDaily" */ = {
			isa = XCConfigurationList;
			buildConfigurations = (
				851BC2A01EE5036E0047B356 /* Debug */,
				851BC2A11EE5036E0047B356 /* Release */,
			);
			defaultConfigurationIsVisible = 0;
		};
/* End XCConfigurationList section */
	};
	rootObject = 851BC2851EE5036E0047B356 /* Project object */;
}
